PODS:
  - Flutter (1.0.0)
  - pigeon_tour (0.0.1):
    - Flutter

DEPENDENCIES:
  - Flutter (from `Flutter`)
  - pigeon_tour (from `.symlinks/plugins/pigeon_tour/ios`)

EXTERNAL SOURCES:
  Flutter:
    :path: Flutter
  pigeon_tour:
    :path: ".symlinks/plugins/pigeon_tour/ios"

SPEC CHECKSUMS:
  Flutter: 0e3d915762c693b495b44d77113d4970485de6ec
  pigeon_tour: 740707ffc79916cde0a5c3bb03ab805f2afe2012

PODFILE CHECKSUM: f32fb4e7c14f8b3ca19a369d7be425dd9241af27

COCOAPODS: 1.9.2
